
Microsoft Visual Studio Solution File, Format Version 12.00
# Visual Studio Version 17
VisualStudioVersion = 17.7.34202.233
MinimumVisualStudioVersion = 10.0.40219.1
Project("{FAE04EC0-301F-11D3-BF4B-00C04F79EFBC}") = "Server-Things", "Server-Things.csproj", "{A21B13ED-861C-419D-B1CD-B852C3458DCE}"
EndProject
Global
	GlobalSection(SolutionConfigurationPlatforms) = preSolution
		Debug|Any CPU = Debug|Any CPU
		Release|Any CPU = Release|Any CPU
	EndGlobalSection
	GlobalSection(ProjectConfigurationPlatforms) = postSolution
		{A21B13ED-861C-419D-B1CD-B852C3458DCE}.Debug|Any CPU.ActiveCfg = Debug|Any CPU
		{A21B13ED-861C-419D-B1CD-B852C3458DCE}.Debug|Any CPU.Build.0 = Debug|Any CPU
		{A21B13ED-861C-419D-B1CD-B852C3458DCE}.Release|Any CPU.ActiveCfg = Release|Any CPU
		{A21B13ED-861C-419D-B1CD-B852C3458DCE}.Release|Any CPU.Build.0 = Release|Any CPU
	EndGlobalSection
	GlobalSection(SolutionProperties) = preSolution
		HideSolutionNode = FALSE
	EndGlobalSection
	GlobalSection(ExtensibilityGlobals) = postSolution
		SolutionGuid = {BD45904B-8269-4601-BB91-81CA7DCBCCFA}
	EndGlobalSection
EndGlobal
